
Microsoft Visual Studio Solution File, Format Version 12.00
# Visual Studio 15
VisualStudioVersion = 15.0.26228.9
MinimumVisualStudioVersion = 10.0.40219.1
Project("{2150E333-8FDC-42A3-9474-1A3956D46DE8}") = "src", "src", "{34038AAF-9114-4DCB-98D0-F37A55C782A3}"
EndProject
Project("{2150E333-8FDC-42A3-9474-1A3956D46DE8}") = "3 - Domain", "3 - Domain", "{81BCD65C-140E-4054-9079-1397F871102C}"
EndProject
Project("{FAE04EC0-301F-11D3-BF4B-00C04F79EFBC}") = "eShop.Domain.Core", "eShop.Domain.Core\eShop.Domain.Core.csproj", "{B1F520CB-0DCE-439D-B357-D23E0EFDBABF}"
EndProject
Global
	GlobalSection(SolutionConfigurationPlatforms) = preSolution
		Debug|Any CPU = Debug|Any CPU
		Release|Any CPU = Release|Any CPU
	EndGlobalSection
	GlobalSection(ProjectConfigurationPlatforms) = postSolution
		{B1F520CB-0DCE-439D-B357-D23E0EFDBABF}.Debug|Any CPU.ActiveCfg = Debug|Any CPU
		{B1F520CB-0DCE-439D-B357-D23E0EFDBABF}.Debug|Any CPU.Build.0 = Debug|Any CPU
		{B1F520CB-0DCE-439D-B357-D23E0EFDBABF}.Release|Any CPU.ActiveCfg = Release|Any CPU
		{B1F520CB-0DCE-439D-B357-D23E0EFDBABF}.Release|Any CPU.Build.0 = Release|Any CPU
	EndGlobalSection
	GlobalSection(SolutionProperties) = preSolution
		HideSolutionNode = FALSE
	EndGlobalSection
	GlobalSection(NestedProjects) = preSolution
		{81BCD65C-140E-4054-9079-1397F871102C} = {34038AAF-9114-4DCB-98D0-F37A55C782A3}
		{B1F520CB-0DCE-439D-B357-D23E0EFDBABF} = {81BCD65C-140E-4054-9079-1397F871102C}
	EndGlobalSection
EndGlobal
